<?xml version="1.0" encoding="utf-8"?>
<Project ToolsVersion="4.0" xmlns="http://schemas.microsoft.com/developer/msbuild/2003">
  <ItemGroup>
    <Filter Include="Assets">
      <UniqueIdentifier>7ab5b920-0159-42f9-80f9-9adc2652f5f3</UniqueIdentifier>
      <Extensions>ico;cur;bmp;dds;dlg;fbx;rct;bin;rgs;gif;jpg;jpeg;jpe;resx;tga;tiff;tif;png;wav;mfcribbon-ms</Extensions>
    </Filter>
    <Filter Include="pch">
      <UniqueIdentifier>{992f5380-92c6-481a-92e2-3d76084f7891}</UniqueIdentifier>
    </Filter>
    <Filter Include="FrameWork">
      <UniqueIdentifier>{e47b8837-5725-43c6-b83f-256536ea93d7}</UniqueIdentifier>
    </Filter>
    <Filter Include="Game">
      <UniqueIdentifier>{d96ddd93-eb0e-4f7d-9425-e7425a9308c7}</UniqueIdentifier>
    </Filter>
  </ItemGroup>
  <ItemGroup>
    <ClInclude Include="Sources\pch\pch.h">
      <Filter>pch</Filter>
    </ClInclude>
    <ClInclude Include="Sources\Framework\DeviceResources.h">
      <Filter>FrameWork</Filter>
    </ClInclude>
    <ClInclude Include="Sources\Framework\StepTimer.h">
      <Filter>FrameWork</Filter>
    </ClInclude>
    <ClInclude Include="Sources\Game\MyGame.h">
      <Filter>Game</Filter>
    </ClInclude>
  </ItemGroup>
  <ItemGroup>
    <ClCompile Include="Main.cpp" />
    <ClCompile Include="Sources\pch\pch.cpp">
      <Filter>pch</Filter>
    </ClCompile>
    <ClCompile Include="Sources\Framework\DeviceResources.cpp">
      <Filter>FrameWork</Filter>
    </ClCompile>
    <ClCompile Include="Sources\Game\MyGame.cpp">
      <Filter>Game</Filter>
    </ClCompile>
  </ItemGroup>
  <ItemGroup>
    <Image Include="directx.ico">
      <Filter>Assets</Filter>
    </Image>
  </ItemGroup>
  <ItemGroup>
    <Manifest Include="settings.manifest">
      <Filter>Assets</Filter>
    </Manifest>
  </ItemGroup>
  <ItemGroup>
    <ResourceCompile Include="Game\resource.rc" />
  </ItemGroup>
  <ItemGroup>
    <MeshContentTask Include="Resources\FBX\floor.FBX">
      <Filter>Assets</Filter>
    </MeshContentTask>
    <MeshContentTask Include="Resources\FBX\Ground.FBX">
      <Filter>Assets</Filter>
    </MeshContentTask>
    <MeshContentTask Include="Resources\FBX\Player.FBX">
      <Filter>Assets</Filter>
    </MeshContentTask>
    <MeshContentTask Include="Resources\FBX\SkyDome.FBX">
      <Filter>Assets</Filter>
    </MeshContentTask>
    <MeshContentTask Include="Resources\FBX\Building2.FBX">
      <Filter>Assets</Filter>
    </MeshContentTask>
    <MeshContentTask Include="Resources\FBX\Building3.FBX">
      <Filter>Assets</Filter>
    </MeshContentTask>
    <MeshContentTask Include="Resources\FBX\Building1.FBX">
      <Filter>Assets</Filter>
    </MeshContentTask>
  </ItemGroup>
</Project>