<?xml version="1.0" encoding="utf-8"?>
<Project ToolsVersion="4.0" xmlns="http://schemas.microsoft.com/developer/msbuild/2003">
  <ItemGroup>
    <Filter Include="Assets">
      <UniqueIdentifier>7ab5b920-0159-42f9-80f9-9adc2652f5f3</UniqueIdentifier>
      <Extensions>ico;cur;bmp;dds;dlg;fbx;rct;bin;rgs;gif;jpg;jpeg;jpe;resx;tga;tiff;tif;png;wav;mfcribbon-ms</Extensions>
    </Filter>
    <Filter Include="pch">
      <UniqueIdentifier>{992f5380-92c6-481a-92e2-3d76084f7891}</UniqueIdentifier>
    </Filter>
    <Filter Include="FrameWork">
      <UniqueIdentifier>{e47b8837-5725-43c6-b83f-256536ea93d7}</UniqueIdentifier>
    </Filter>
    <Filter Include="Game">
      <UniqueIdentifier>{d96ddd93-eb0e-4f7d-9425-e7425a9308c7}</UniqueIdentifier>
    </Filter>
    <Filter Include="Utils">
      <UniqueIdentifier>{a78feb1e-083d-4395-98b8-d7ac669ab33d}</UniqueIdentifier>
    </Filter>
    <Filter Include="Game\GameState">
      <UniqueIdentifier>{0a1ab423-df4e-49e9-b9b0-f2a9af41743b}</UniqueIdentifier>
    </Filter>
    <Filter Include="Assets\Buil">
      <UniqueIdentifier>{847f6879-c410-49b7-ae83-325a84b24b42}</UniqueIdentifier>
    </Filter>
    <Filter Include="Assets\SkyDome">
      <UniqueIdentifier>{a7defd03-2d76-4f4e-8162-9bd77b8910cb}</UniqueIdentifier>
    </Filter>
    <Filter Include="Assets\Player">
      <UniqueIdentifier>{75880de5-6355-4de8-a911-758324f9427f}</UniqueIdentifier>
    </Filter>
    <Filter Include="Assets\Ground">
      <UniqueIdentifier>{c6fd99da-8b40-49d5-9a13-6f2eb71b72ff}</UniqueIdentifier>
    </Filter>
    <Filter Include="Game\Camera">
      <UniqueIdentifier>{e344c6c0-4079-4a81-ad37-c60bcc77fd34}</UniqueIdentifier>
    </Filter>
    <Filter Include="Game\Collider">
      <UniqueIdentifier>{ceba7b66-adc0-4175-aad6-1355e70e7486}</UniqueIdentifier>
    </Filter>
    <Filter Include="Game\Object">
      <UniqueIdentifier>{e67eb47d-5ac9-49cb-8de2-14c49fcc07c0}</UniqueIdentifier>
    </Filter>
    <Filter Include="Game\Player">
      <UniqueIdentifier>{da459ed2-2a11-4e3a-8e39-7f15fac82885}</UniqueIdentifier>
    </Filter>
    <Filter Include="Game\Stage">
      <UniqueIdentifier>{d54480c0-5b3d-419c-990e-89ce49330530}</UniqueIdentifier>
    </Filter>
    <Filter Include="Game\UI">
      <UniqueIdentifier>{c4bb03df-f2d4-4a33-99fc-c39317ab7057}</UniqueIdentifier>
    </Filter>
  </ItemGroup>
  <ItemGroup>
    <ClInclude Include="Sources\pch\pch.h">
      <Filter>pch</Filter>
    </ClInclude>
    <ClInclude Include="Sources\Framework\DeviceResources.h">
      <Filter>FrameWork</Filter>
    </ClInclude>
    <ClInclude Include="Sources\Framework\StepTimer.h">
      <Filter>FrameWork</Filter>
    </ClInclude>
    <ClInclude Include="Sources\Framework\Game.h">
      <Filter>FrameWork</Filter>
    </ClInclude>
    <ClInclude Include="Sources\Utils\GameContext.h">
      <Filter>Utils</Filter>
    </ClInclude>
    <ClInclude Include="Sources\Utils\Projection.h">
      <Filter>Utils</Filter>
    </ClInclude>
    <ClInclude Include="Sources\Utils\ServiceLocator.h">
      <Filter>Utils</Filter>
    </ClInclude>
    <ClInclude Include="Sources\Utils\Utilities.h">
      <Filter>Utils</Filter>
    </ClInclude>
    <ClInclude Include="Sources\Game\MyGame.h">
      <Filter>Game</Filter>
    </ClInclude>
    <ClInclude Include="Sources\Game\GameState\GameStateManager.h">
      <Filter>Game\GameState</Filter>
    </ClInclude>
    <ClInclude Include="Sources\Game\GameState\IGameState.h">
      <Filter>Game\GameState</Filter>
    </ClInclude>
    <ClInclude Include="Sources\Game\GameState\PauseState.h">
      <Filter>Game\GameState</Filter>
    </ClInclude>
    <ClInclude Include="Sources\Game\GameState\PlayState.h">
      <Filter>Game\GameState</Filter>
    </ClInclude>
    <ClInclude Include="Sources\Game\GameState\ResultState.h">
      <Filter>Game\GameState</Filter>
    </ClInclude>
    <ClInclude Include="Sources\Game\GameState\TitleState.h">
      <Filter>Game\GameState</Filter>
    </ClInclude>
    <ClInclude Include="Sources\Game\Camera\TPSCamera.h">
      <Filter>Game\Camera</Filter>
    </ClInclude>
    <ClInclude Include="Sources\Game\Collider\BoxCollider.h">
      <Filter>Game\Collider</Filter>
    </ClInclude>
    <ClInclude Include="Sources\Game\Collider\BoxShape.h">
      <Filter>Game\Collider</Filter>
    </ClInclude>
    <ClInclude Include="Sources\Game\Collider\Collider.h">
      <Filter>Game\Collider</Filter>
    </ClInclude>
    <ClInclude Include="Sources\Game\Collider\CollisionManager.h">
      <Filter>Game\Collider</Filter>
    </ClInclude>
    <ClInclude Include="Sources\Game\Collider\LineShape.h">
      <Filter>Game\Collider</Filter>
    </ClInclude>
    <ClInclude Include="Sources\Game\Collider\MoveBoxCollider.h">
      <Filter>Game\Collider</Filter>
    </ClInclude>
    <ClInclude Include="Sources\Game\Collider\RaycastHit.h">
      <Filter>Game\Collider</Filter>
    </ClInclude>
    <ClInclude Include="Sources\Game\Object\GameObject.h">
      <Filter>Game\Object</Filter>
    </ClInclude>
    <ClInclude Include="Sources\Game\Object\GameObjectManager.h">
      <Filter>Game\Object</Filter>
    </ClInclude>
    <ClInclude Include="Sources\Game\Player\Agravity.h">
      <Filter>Game\Player</Filter>
    </ClInclude>
    <ClInclude Include="Sources\Game\Player\Floating.h">
      <Filter>Game\Player</Filter>
    </ClInclude>
    <ClInclude Include="Sources\Game\Player\IPlayer.h">
      <Filter>Game\Player</Filter>
    </ClInclude>
    <ClInclude Include="Sources\Game\Player\Jumping.h">
      <Filter>Game\Player</Filter>
    </ClInclude>
    <ClInclude Include="Sources\Game\Player\Player.h">
      <Filter>Game\Player</Filter>
    </ClInclude>
    <ClInclude Include="Sources\Game\Player\Running.h">
      <Filter>Game\Player</Filter>
    </ClInclude>
    <ClInclude Include="Sources\Game\Player\Standing.h">
      <Filter>Game\Player</Filter>
    </ClInclude>
    <ClInclude Include="Sources\Game\Stage\Building.h">
      <Filter>Game\Stage</Filter>
    </ClInclude>
    <ClInclude Include="Sources\Game\Stage\CheckPoint.h">
      <Filter>Game\Stage</Filter>
    </ClInclude>
    <ClInclude Include="Sources\Game\Stage\Ground.h">
      <Filter>Game\Stage</Filter>
    </ClInclude>
    <ClInclude Include="Sources\Game\Stage\SkyDome.h">
      <Filter>Game\Stage</Filter>
    </ClInclude>
    <ClInclude Include="Sources\Game\UI\Blink.h">
      <Filter>Game\UI</Filter>
    </ClInclude>
  </ItemGroup>
  <ItemGroup>
    <ClCompile Include="Main.cpp" />
    <ClCompile Include="Sources\pch\pch.cpp">
      <Filter>pch</Filter>
    </ClCompile>
    <ClCompile Include="Sources\Framework\DeviceResources.cpp">
      <Filter>FrameWork</Filter>
    </ClCompile>
    <ClCompile Include="Sources\Framework\Game.cpp">
      <Filter>FrameWork</Filter>
    </ClCompile>
    <ClCompile Include="Sources\Game\MyGame.cpp">
      <Filter>Game</Filter>
    </ClCompile>
    <ClCompile Include="Sources\Game\GameState\GameStateManager.cpp">
      <Filter>Game\GameState</Filter>
    </ClCompile>
    <ClCompile Include="Sources\Game\GameState\PauseState.cpp">
      <Filter>Game\GameState</Filter>
    </ClCompile>
    <ClCompile Include="Sources\Game\GameState\PlayState.cpp">
      <Filter>Game\GameState</Filter>
    </ClCompile>
    <ClCompile Include="Sources\Game\GameState\ResultState.cpp">
      <Filter>Game\GameState</Filter>
    </ClCompile>
    <ClCompile Include="Sources\Game\GameState\TitleState.cpp">
      <Filter>Game\GameState</Filter>
    </ClCompile>
    <ClCompile Include="Sources\Game\Camera\TPSCamera.cpp">
      <Filter>Game\Camera</Filter>
    </ClCompile>
    <ClCompile Include="Sources\Game\Collider\BoxCollider.cpp">
      <Filter>Game\Collider</Filter>
    </ClCompile>
    <ClCompile Include="Sources\Game\Collider\Collider.cpp">
      <Filter>Game\Collider</Filter>
    </ClCompile>
    <ClCompile Include="Sources\Game\Collider\CollisionManager.cpp">
      <Filter>Game\Collider</Filter>
    </ClCompile>
    <ClCompile Include="Sources\Game\Collider\MoveBoxCollider.cpp">
      <Filter>Game\Collider</Filter>
    </ClCompile>
    <ClCompile Include="Sources\Game\Object\GameObject.cpp">
      <Filter>Game\Object</Filter>
    </ClCompile>
    <ClCompile Include="Sources\Game\Object\GameObjectManager.cpp">
      <Filter>Game\Object</Filter>
    </ClCompile>
    <ClCompile Include="Sources\Game\Player\Agravity.cpp">
      <Filter>Game\Player</Filter>
    </ClCompile>
    <ClCompile Include="Sources\Game\Player\Floating.cpp">
      <Filter>Game\Player</Filter>
    </ClCompile>
    <ClCompile Include="Sources\Game\Player\Jumping.cpp">
      <Filter>Game\Player</Filter>
    </ClCompile>
    <ClCompile Include="Sources\Game\Player\Player.cpp">
      <Filter>Game\Player</Filter>
    </ClCompile>
    <ClCompile Include="Sources\Game\Player\Running.cpp">
      <Filter>Game\Player</Filter>
    </ClCompile>
    <ClCompile Include="Sources\Game\Player\Standing.cpp">
      <Filter>Game\Player</Filter>
    </ClCompile>
    <ClCompile Include="Sources\Game\Stage\Building.cpp">
      <Filter>Game\Stage</Filter>
    </ClCompile>
    <ClCompile Include="Sources\Game\Stage\CheckPoint.cpp">
      <Filter>Game\Stage</Filter>
    </ClCompile>
    <ClCompile Include="Sources\Game\Stage\Ground.cpp">
      <Filter>Game\Stage</Filter>
    </ClCompile>
    <ClCompile Include="Sources\Game\Stage\SkyDome.cpp">
      <Filter>Game\Stage</Filter>
    </ClCompile>
    <ClCompile Include="Sources\Game\UI\Blink.cpp">
      <Filter>Game\UI</Filter>
    </ClCompile>
  </ItemGroup>
  <ItemGroup>
    <Image Include="directx.ico">
      <Filter>Assets</Filter>
    </Image>
  </ItemGroup>
  <ItemGroup>
    <Manifest Include="settings.manifest">
      <Filter>Assets</Filter>
    </Manifest>
  </ItemGroup>
  <ItemGroup>
    <MeshContentTask Include="Resources\FBX\Building1.FBX">
      <Filter>Assets\Buil</Filter>
    </MeshContentTask>
    <MeshContentTask Include="Resources\FBX\Building2.FBX">
      <Filter>Assets\Buil</Filter>
    </MeshContentTask>
    <MeshContentTask Include="Resources\FBX\Building3.FBX">
      <Filter>Assets\Buil</Filter>
    </MeshContentTask>
    <MeshContentTask Include="Resources\FBX\SkyDome.FBX">
      <Filter>Assets\SkyDome</Filter>
    </MeshContentTask>
    <MeshContentTask Include="Resources\FBX\Player.FBX">
      <Filter>Assets\Player</Filter>
    </MeshContentTask>
    <MeshContentTask Include="Resources\FBX\Ground.FBX">
      <Filter>Assets\Ground</Filter>
    </MeshContentTask>
  </ItemGroup>
  <ItemGroup>
    <ResourceCompile Include="resource.rc" />
  </ItemGroup>
</Project>